sentry-sdk==2.64.0 \
    --hash=sha256:715ea91ca860a819e8d8a50a7bde3a80d0df3b4ed7b6660a20fb9a2d084188f1
urllib3==2.7.0 \
    --hash=sha256:9fb4c81ebbb1ce9531cce37674bbc6f1360472bc18ca9a553ede278ef7276897
certifi==2026.6.17 \
    --hash=sha256:2227dcbaafe0d2f59279d1762ddddc37783ed4354594f194ffc31d20f41fc3db
